
Microsoft Visual Studio Solution File, Format Version 12.00
# Visual Studio Version 17
VisualStudioVersion = 17.5.002.0
MinimumVisualStudioVersion = 10.0.40219.1
Project("{9A19103F-16F7-4668-BE54-9A1E7A4F7556}") = "Calculator365", "Calculator365.csproj", "{82308482-735B-4B72-8E10-5068E31FC2A2}"
EndProject
Project("{FAE04EC0-301F-11D3-BF4B-00C04F79EFBC}") = "Calculator365Test", "Calculator365Test\Calculator365Test.csproj", "{222E267F-3087-459F-B7BA-1C7F6C72296D}"
EndProject
Global
	GlobalSection(SolutionConfigurationPlatforms) = preSolution
		Debug|Any CPU = Debug|Any CPU
		Release|Any CPU = Release|Any CPU
	EndGlobalSection
	GlobalSection(ProjectConfigurationPlatforms) = postSolution
		{82308482-735B-4B72-8E10-5068E31FC2A2}.Debug|Any CPU.ActiveCfg = Debug|Any CPU
		{82308482-735B-4B72-8E10-5068E31FC2A2}.Debug|Any CPU.Build.0 = Debug|Any CPU
		{82308482-735B-4B72-8E10-5068E31FC2A2}.Release|Any CPU.ActiveCfg = Release|Any CPU
		{82308482-735B-4B72-8E10-5068E31FC2A2}.Release|Any CPU.Build.0 = Release|Any CPU
		{222E267F-3087-459F-B7BA-1C7F6C72296D}.Debug|Any CPU.ActiveCfg = Debug|Any CPU
		{222E267F-3087-459F-B7BA-1C7F6C72296D}.Debug|Any CPU.Build.0 = Debug|Any CPU
		{222E267F-3087-459F-B7BA-1C7F6C72296D}.Release|Any CPU.ActiveCfg = Release|Any CPU
		{222E267F-3087-459F-B7BA-1C7F6C72296D}.Release|Any CPU.Build.0 = Release|Any CPU
	EndGlobalSection
	GlobalSection(SolutionProperties) = preSolution
		HideSolutionNode = FALSE
	EndGlobalSection
	GlobalSection(ExtensibilityGlobals) = postSolution
		SolutionGuid = {2CF3F5D2-EA7E-4739-84FF-AB11AF821E08}
	EndGlobalSection
EndGlobal
